// !$*UTF8*$!
{
	archiveVersion = 1;
	classes = {
	};
	objectVersion = 50;
	objects = {

/* Begin PBXBuildFile section */
		18EED59C22BC11C300AE2E00 /* AppDelegate.swift in Sources */ = {isa = PBXBuildFile; fileRef = 18EED59B22BC11C300AE2E00 /* AppDelegate.swift */; };
		18EED59E22BC11C300AE2E00 /* ViewController.swift in Sources */ = {isa = PBXBuildFile; fileRef = 18EED59D22BC11C300AE2E00 /* ViewController.swift */; };
		18EED5A122BC11C300AE2E00 /* Main.storyboard in Resources */ = {isa = PBXBuildFile; fileRef = 18EED59F22BC11C300AE2E00 /* Main.storyboard */; };
		18EED5A322BC11C500AE2E00 /* Assets.xcassets in Resources */ = {isa = PBXBuildFile; fileRef = 18EED5A222BC11C500AE2E00 /* Assets.xcassets */; };
		18EED5A622BC11C500AE2E00 /* LaunchScreen.storyboard in Resources */ = {isa = PBXBuildFile; fileRef = 18EED5A422BC11C500AE2E00 /* LaunchScreen.storyboard */; };
		18EED5B122BC11C500AE2E00 /* emojinalProjectTests.swift in Sources */ = {isa = PBXBuildFile; fileRef = 18EED5B022BC11C500AE2E00 /* emojinalProjectTests.swift */; };
		18EED5BC22BC11C500AE2E00 /* emojinalProjectUITests.swift in Sources */ = {isa = PBXBuildFile; fileRef = 18EED5BB22BC11C500AE2E00 /* emojinalProjectUITests.swift */; };
/* End PBXBuildFile section */

/* Begin PBXContainerItemProxy section */
		18EED5AD22BC11C500AE2E00 /* PBXContainerItemProxy */ = {
			isa = PBXContainerItemProxy;
			containerPortal = 18EED59022BC11C300AE2E00 /* Project object */;
			proxyType = 1;
			remoteGlobalIDString = 18EED59722BC11C300AE2E00;
			remoteInfo = emojinalProject;
		};
		18EED5B822BC11C500AE2E00 /* PBXContainerItemProxy */ = {
			isa = PBXContainerItemProxy;
			containerPortal = 18EED59022BC11C300AE2E00 /* Project object */;
			proxyType = 1;
			remoteGlobalIDString = 18EED59722BC11C300AE2E00;
			remoteInfo = emojinalProject;
		};
/* End PBXContainerItemProxy section */

/* Begin PBXFileReference section */
		18EED59822BC11C300AE2E00 /* emojinalProject.app */ = {isa = PBXFileReference; explicitFileType = wrapper.application; includeInIndex = 0; path = emojinalProject.app; sourceTree = BUILT_PRODUCTS_DIR; };
		18EED59B22BC11C300AE2E00 /* AppDelegate.swift */ = {isa = PBXFileReference; lastKnownFileType = sourcecode.swift; path = AppDelegate.swift; sourceTree = "<group>"; };
		18EED59D22BC11C300AE2E00 /* ViewController.swift */ = {isa = PBXFileReference; lastKnownFileType = sourcecode.swift; path = ViewController.swift; sourceTree = "<group>"; };
		18EED5A022BC11C300AE2E00 /* Base */ = {isa = PBXFileReference; lastKnownFileType = file.storyboard; name = Base; path = Base.lproj/Main.storyboard; sourceTree = "<group>"; };
		18EED5A222BC11C500AE2E00 /* Assets.xcassets */ = {isa = PBXFileReference; lastKnownFileType = folder.assetcatalog; path = Assets.xcassets; sourceTree = "<group>"; };
		18EED5A522BC11C500AE2E00 /* Base */ = {isa = PBXFileReference; lastKnownFileType = file.storyboard; name = Base; path = Base.lproj/LaunchScreen.storyboard; sourceTree = "<group>"; };
		18EED5A722BC11C500AE2E00 /* Info.plist */ = {isa = PBXFileReference; lastKnownFileType = text.plist.xml; path = Info.plist; sourceTree = "<group>"; };
		18EED5AC22BC11C500AE2E00 /* emojinalProjectTests.xctest */ = {isa = PBXFileReference; explicitFileType = wrapper.cfbundle; includeInIndex = 0; path = emojinalProjectTests.xctest; sourceTree = BUILT_PRODUCTS_DIR; };
		18EED5B022BC11C500AE2E00 /* emojinalProjectTests.swift */ = {isa = PBXFileReference; lastKnownFileType = sourcecode.swift; path = emojinalProjectTests.swift; sourceTree = "<group>"; };
		18EED5B222BC11C500AE2E00 /* Info.plist */ = {isa = PBXFileReference; lastKnownFileType = text.plist.xml; path = Info.plist; sourceTree = "<group>"; };
		18EED5B722BC11C500AE2E00 /* emojinalProjectUITests.xctest */ = {isa = PBXFileReference; explicitFileType = wrapper.cfbundle; includeInIndex = 0; path = emojinalProjectUITests.xctest; sourceTree = BUILT_PRODUCTS_DIR; };
		18EED5BB22BC11C500AE2E00 /* emojinalProjectUITests.swift */ = {isa = PBXFileReference; lastKnownFileType = sourcecode.swift; path = emojinalProjectUITests.swift; sourceTree = "<group>"; };
		18EED5BD22BC11C500AE2E00 /* Info.plist */ = {isa = PBXFileReference; lastKnownFileType = text.plist.xml; path = Info.plist; sourceTree = "<group>"; };
/* End PBXFileReference section */

/* Begin PBXFrameworksBuildPhase section */
		18EED59522BC11C300AE2E00 /* Frameworks */ = {
			isa = PBXFrameworksBuildPhase;
			buildActionMask = 2147483647;
			files = (
			);
			runOnlyForDeploymentPostprocessing = 0;
		};
		18EED5A922BC11C500AE2E00 /* Frameworks */ = {
			isa = PBXFrameworksBuildPhase;
			buildActionMask = 2147483647;
			files = (
			);
			runOnlyForDeploymentPostprocessing = 0;
		};
		18EED5B422BC11C500AE2E00 /* Frameworks */ = {
			isa = PBXFrameworksBuildPhase;
			buildActionMask = 2147483647;
			files = (
			);
			runOnlyForDeploymentPostprocessing = 0;
		};
/* End PBXFrameworksBuildPhase section */

/* Begin PBXGroup section */
		18EED58F22BC11C300AE2E00 = {
			isa = PBXGroup;
			children = (
				18EED59A22BC11C300AE2E00 /* emojinalProject */,
				18EED5AF22BC11C500AE2E00 /* emojinalProjectTests */,
				18EED5BA22BC11C500AE2E00 /* emojinalProjectUITests */,
				18EED59922BC11C300AE2E00 /* Products */,
			);
			sourceTree = "<group>";
		};
		18EED59922BC11C300AE2E00 /* Products */ = {
			isa = PBXGroup;
			children = (
				18EED59822BC11C300AE2E00 /* emojinalProject.app */,
				18EED5AC22BC11C500AE2E00 /* emojinalProjectTests.xctest */,
				18EED5B722BC11C500AE2E00 /* emojinalProjectUITests.xctest */,
			);
			name = Products;
			sourceTree = "<group>";
		};
		18EED59A22BC11C300AE2E00 /* emojinalProject */ = {
			isa = PBXGroup;
			children = (
				18EED59B22BC11C300AE2E00 /* AppDelegate.swift */,
				18EED59D22BC11C300AE2E00 /* ViewController.swift */,
				18EED59F22BC11C300AE2E00 /* Main.storyboard */,
				18EED5A222BC11C500AE2E00 /* Assets.xcassets */,
				18EED5A422BC11C500AE2E00 /* LaunchScreen.storyboard */,
				18EED5A722BC11C500AE2E00 /* Info.plist */,
			);
			path = emojinalProject;
			sourceTree = "<group>";
		};
		18EED5AF22BC11C500AE2E00 /* emojinalProjectTests */ = {
			isa = PBXGroup;
			children = (
				18EED5B022BC11C500AE2E00 /* emojinalProjectTests.swift */,
				18EED5B222BC11C500AE2E00 /* Info.plist */,
			);
			path = emojinalProjectTests;
			sourceTree = "<group>";
		};
		18EED5BA22BC11C500AE2E00 /* emojinalProjectUITests */ = {
			isa = PBXGroup;
			children = (
				18EED5BB22BC11C500AE2E00 /* emojinalProjectUITests.swift */,
				18EED5BD22BC11C500AE2E00 /* Info.plist */,
			);
			path = emojinalProjectUITests;
			sourceTree = "<group>";
		};
/* End PBXGroup section */

/* Begin PBXNativeTarget section */
		18EED59722BC11C300AE2E00 /* emojinalProject */ = {
			isa = PBXNativeTarget;
			buildConfigurationList = 18EED5C022BC11C500AE2E00 /* Build configuration list for PBXNativeTarget "emojinalProject" */;
			buildPhases = (
				18EED59422BC11C300AE2E00 /* Sources */,
				18EED59522BC11C300AE2E00 /* Frameworks */,
				18EED59622BC11C300AE2E00 /* Resources */,
			);
			buildRules = (
			);
			dependencies = (
			);
			name = emojinalProject;
			productName = emojinalProject;
			productReference = 18EED59822BC11C300AE2E00 /* emojinalProject.app */;
			productType = "com.apple.product-type.application";
		};
		18EED5AB22BC11C500AE2E00 /* emojinalProjectTests */ = {
			isa = PBXNativeTarget;
			buildConfigurationList = 18EED5C322BC11C500AE2E00 /* Build configuration list for PBXNativeTarget "emojinalProjectTests" */;
			buildPhases = (
				18EED5A822BC11C500AE2E00 /* Sources */,
				18EED5A922BC11C500AE2E00 /* Frameworks */,
				18EED5AA22BC11C500AE2E00 /* Resources */,
			);
			buildRules = (
			);
			dependencies = (
				18EED5AE22BC11C500AE2E00 /* PBXTargetDependency */,
			);
			name = emojinalProjectTests;
			productName = emojinalProjectTests;
			productReference = 18EED5AC22BC11C500AE2E00 /* emojinalProjectTests.xctest */;
			productType = "com.apple.product-type.bundle.unit-test";
		};
		18EED5B622BC11C500AE2E00 /* emojinalProjectUITests */ = {
			isa = PBXNativeTarget;
			buildConfigurationList = 18EED5C622BC11C500AE2E00 /* Build configuration list for PBXNativeTarget "emojinalProjectUITests" */;
			buildPhases = (
				18EED5B322BC11C500AE2E00 /* Sources */,
				18EED5B422BC11C500AE2E00 /* Frameworks */,
				18EED5B522BC11C500AE2E00 /* Resources */,
			);
			buildRules = (
			);
			dependencies = (
				18EED5B922BC11C500AE2E00 /* PBXTargetDependency */,
			);
			name = emojinalProjectUITests;
			productName = emojinalProjectUITests;
			productReference = 18EED5B722BC11C500AE2E00 /* emojinalProjectUITests.xctest */;
			productType = "com.apple.product-type.bundle.ui-testing";
		};
/* End PBXNativeTarget section */

/* Begin PBXProject section */
		18EED59022BC11C300AE2E00 /* Project object */ = {
			isa = PBXProject;
			attributes = {
				LastSwiftUpdateCheck = 1020;
				LastUpgradeCheck = 1020;
				ORGANIZATIONNAME = Apple;
				TargetAttributes = {
					18EED59722BC11C300AE2E00 = {
						CreatedOnToolsVersion = 10.2.1;
					};
					18EED5AB22BC11C500AE2E00 = {
						CreatedOnToolsVersion = 10.2.1;
						TestTargetID = 18EED59722BC11C300AE2E00;
					};
					18EED5B622BC11C500AE2E00 = {
						CreatedOnToolsVersion = 10.2.1;
						TestTargetID = 18EED59722BC11C300AE2E00;
					};
				};
			};
			buildConfigurationList = 18EED59322BC11C300AE2E00 /* Build configuration list for PBXProject "emojinalProject" */;
			compatibilityVersion = "Xcode 9.3";
			developmentRegion = en;
			hasScannedForEncodings = 0;
			knownRegions = (
				en,
				Base,
			);
			mainGroup = 18EED58F22BC11C300AE2E00;
			productRefGroup = 18EED59922BC11C300AE2E00 /* Products */;
			projectDirPath = "";
			projectRoot = "";
			targets = (
				18EED59722BC11C300AE2E00 /* emojinalProject */,
				18EED5AB22BC11C500AE2E00 /* emojinalProjectTests */,
				18EED5B622BC11C500AE2E00 /* emojinalProjectUITests */,
			);
		};
/* End PBXProject section */

/* Begin PBXResourcesBuildPhase section */
		18EED59622BC11C300AE2E00 /* Resources */ = {
			isa = PBXResourcesBuildPhase;
			buildActionMask = 2147483647;
			files = (
				18EED5A622BC11C500AE2E00 /* LaunchScreen.storyboard in Resources */,
				18EED5A322BC11C500AE2E00 /* Assets.xcassets in Resources */,
				18EED5A122BC11C300AE2E00 /* Main.storyboard in Resources */,
			);
			runOnlyForDeploymentPostprocessing = 0;
		};
		18EED5AA22BC11C500AE2E00 /* Resources */ = {
			isa = PBXResourcesBuildPhase;
			buildActionMask = 2147483647;
			files = (
			);
			runOnlyForDeploymentPostprocessing = 0;
		};
		18EED5B522BC11C500AE2E00 /* Resources */ = {
			isa = PBXResourcesBuildPhase;
			buildActionMask = 2147483647;
			files = (
			);
			runOnlyForDeploymentPostprocessing = 0;
		};
/* End PBXResourcesBuildPhase section */

/* Begin PBXSourcesBuildPhase section */
		18EED59422BC11C300AE2E00 /* Sources */ = {
			isa = PBXSourcesBuildPhase;
			buildActionMask = 2147483647;
			files = (
				18EED59E22BC11C300AE2E00 /* ViewController.swift in Sources */,
				18EED59C22BC11C300AE2E00 /* AppDelegate.swift in Sources */,
			);
			runOnlyForDeploymentPostprocessing = 0;
		};
		18EED5A822BC11C500AE2E00 /* Sources */ = {
			isa = PBXSourcesBuildPhase;
			buildActionMask = 2147483647;
			files = (
				18EED5B122BC11C500AE2E00 /* emojinalProjectTests.swift in Sources */,
			);
			runOnlyForDeploymentPostprocessing = 0;
		};
		18EED5B322BC11C500AE2E00 /* Sources */ = {
			isa = PBXSourcesBuildPhase;
			buildActionMask = 2147483647;
			files = (
				18EED5BC22BC11C500AE2E00 /* emojinalProjectUITests.swift in Sources */,
			);
			runOnlyForDeploymentPostprocessing = 0;
		};
/* End PBXSourcesBuildPhase section */

/* Begin PBXTargetDependency section */
		18EED5AE22BC11C500AE2E00 /* PBXTargetDependency */ = {
			isa = PBXTargetDependency;
			target = 18EED59722BC11C300AE2E00 /* emojinalProject */;
			targetProxy = 18EED5AD22BC11C500AE2E00 /* PBXContainerItemProxy */;
		};
		18EED5B922BC11C500AE2E00 /* PBXTargetDependency */ = {
			isa = PBXTargetDependency;
			target = 18EED59722BC11C300AE2E00 /* emojinalProject */;
			targetProxy = 18EED5B822BC11C500AE2E00 /* PBXContainerItemProxy */;
		};
/* End PBXTargetDependency section */

/* Begin PBXVariantGroup section */
		18EED59F22BC11C300AE2E00 /* Main.storyboard */ = {
			isa = PBXVariantGroup;
			children = (
				18EED5A022BC11C300AE2E00 /* Base */,
			);
			name = Main.storyboard;
			sourceTree = "<group>";
		};
		18EED5A422BC11C500AE2E00 /* LaunchScreen.storyboard */ = {
			isa = PBXVariantGroup;
			children = (
				18EED5A522BC11C500AE2E00 /* Base */,
			);
			name = LaunchScreen.storyboard;
			sourceTree = "<group>";
		};
/* End PBXVariantGroup section */

/* Begin XCBuildConfiguration section */
		18EED5BE22BC11C500AE2E00 /* Debug */ = {
			isa = XCBuildConfiguration;
			buildSettings = {
				ALWAYS_SEARCH_USER_PATHS = NO;
				CLANG_ANALYZER_NONNULL = YES;
				CLANG_ANALYZER_NUMBER_OBJECT_CONVERSION = YES_AGGRESSIVE;
				CLANG_CXX_LANGUAGE_STANDARD = "gnu++14";
				CLANG_CXX_LIBRARY = "libc++";
				CLANG_ENABLE_MODULES = YES;
				CLANG_ENABLE_OBJC_ARC = YES;
				CLANG_ENABLE_OBJC_WEAK = YES;
				CLANG_WARN_BLOCK_CAPTURE_AUTORELEASING = YES;
				CLANG_WARN_BOOL_CONVERSION = YES;
				CLANG_WARN_COMMA = YES;
				CLANG_WARN_CONSTANT_CONVERSION = YES;
				CLANG_WARN_DEPRECATED_OBJC_IMPLEMENTATIONS = YES;
				CLANG_WARN_DIRECT_OBJC_ISA_USAGE = YES_ERROR;
				CLANG_WARN_DOCUMENTATION_COMMENTS = YES;
				CLANG_WARN_EMPTY_BODY = YES;
				CLANG_WARN_ENUM_CONVERSION = YES;
				CLANG_WARN_INFINITE_RECURSION = YES;
				CLANG_WARN_INT_CONVERSION = YES;
				CLANG_WARN_NON_LITERAL_NULL_CONVERSION = YES;
				CLANG_WARN_OBJC_IMPLICIT_RETAIN_SELF = YES;
				CLANG_WARN_OBJC_LITERAL_CONVERSION = YES;
				CLANG_WARN_OBJC_ROOT_CLASS = YES_ERROR;
				CLANG_WARN_RANGE_LOOP_ANALYSIS = YES;
				CLANG_WARN_STRICT_PROTOTYPES = YES;
				CLANG_WARN_SUSPICIOUS_MOVE = YES;
				CLANG_WARN_UNGUARDED_AVAILABILITY = YES_AGGRESSIVE;
				CLANG_WARN_UNREACHABLE_CODE = YES;
				CLANG_WARN__DUPLICATE_METHOD_MATCH = YES;
				CODE_SIGN_IDENTITY = "iPhone Developer";
				COPY_PHASE_STRIP = NO;
				DEBUG_INFORMATION_FORMAT = dwarf;
				ENABLE_STRICT_OBJC_MSGSEND = YES;
				ENABLE_TESTABILITY = YES;
				GCC_C_LANGUAGE_STANDARD = gnu11;
				GCC_DYNAMIC_NO_PIC = NO;
				GCC_NO_COMMON_BLOCKS = YES;
				GCC_OPTIMIZATION_LEVEL = 0;
				GCC_PREPROCESSOR_DEFINITIONS = (
					"DEBUG=1",
					"$(inherited)",
				);
				GCC_WARN_64_TO_32_BIT_CONVERSION = YES;
				GCC_WARN_ABOUT_RETURN_TYPE = YES_ERROR;
				GCC_WARN_UNDECLARED_SELECTOR = YES;
				GCC_WARN_UNINITIALIZED_AUTOS = YES_AGGRESSIVE;
				GCC_WARN_UNUSED_FUNCTION = YES;
				GCC_WARN_UNUSED_VARIABLE = YES;
				IPHONEOS_DEPLOYMENT_TARGET = 12.2;
				MTL_ENABLE_DEBUG_INFO = INCLUDE_SOURCE;
				MTL_FAST_MATH = YES;
				ONLY_ACTIVE_ARCH = YES;
				SDKROOT = iphoneos;
				SWIFT_ACTIVE_COMPILATION_CONDITIONS = DEBUG;
				SWIFT_OPTIMIZATION_LEVEL = "-Onone";
			};
			name = Debug;
		};
		18EED5BF22BC11C500AE2E00 /* Release */ = {
			isa = XCBuildConfiguration;
			buildSettings = {
				ALWAYS_SEARCH_USER_PATHS = NO;
				CLANG_ANALYZER_NONNULL = YES;
				CLANG_ANALYZER_NUMBER_OBJECT_CONVERSION = YES_AGGRESSIVE;
				CLANG_CXX_LANGUAGE_STANDARD = "gnu++14";
				CLANG_CXX_LIBRARY = "libc++";
				CLANG_ENABLE_MODULES = YES;
				CLANG_ENABLE_OBJC_ARC = YES;
				CLANG_ENABLE_OBJC_WEAK = YES;
				CLANG_WARN_BLOCK_CAPTURE_AUTORELEASING = YES;
				CLANG_WARN_BOOL_CONVERSION = YES;
				CLANG_WARN_COMMA = YES;
				CLANG_WARN_CONSTANT_CONVERSION = YES;
				CLANG_WARN_DEPRECATED_OBJC_IMPLEMENTATIONS = YES;
				CLANG_WARN_DIRECT_OBJC_ISA_USAGE = YES_ERROR;
				CLANG_WARN_DOCUMENTATION_COMMENTS = YES;
				CLANG_WARN_EMPTY_BODY = YES;
				CLANG_WARN_ENUM_CONVERSION = YES;
				CLANG_WARN_INFINITE_RECURSION = YES;
				CLANG_WARN_INT_CONVERSION = YES;
				CLANG_WARN_NON_LITERAL_NULL_CONVERSION = YES;
				CLANG_WARN_OBJC_IMPLICIT_RETAIN_SELF = YES;
				CLANG_WARN_OBJC_LITERAL_CONVERSION = YES;
				CLANG_WARN_OBJC_ROOT_CLASS = YES_ERROR;
				CLANG_WARN_RANGE_LOOP_ANALYSIS = YES;
				CLANG_WARN_STRICT_PROTOTYPES = YES;
				CLANG_WARN_SUSPICIOUS_MOVE = YES;
				CLANG_WARN_UNGUARDED_AVAILABILITY = YES_AGGRESSIVE;
				CLANG_WARN_UNREACHABLE_CODE = YES;
				CLANG_WARN__DUPLICATE_METHOD_MATCH = YES;
				CODE_SIGN_IDENTITY = "iPhone Developer";
				COPY_PHASE_STRIP = NO;
				DEBUG_INFORMATION_FORMAT = "dwarf-with-dsym";
				ENABLE_NS_ASSERTIONS = NO;
				ENABLE_STRICT_OBJC_MSGSEND = YES;
				GCC_C_LANGUAGE_STANDARD = gnu11;
				GCC_NO_COMMON_BLOCKS = YES;
				GCC_WARN_64_TO_32_BIT_CONVERSION = YES;
				GCC_WARN_ABOUT_RETURN_TYPE = YES_ERROR;
				GCC_WARN_UNDECLARED_SELECTOR = YES;
				GCC_WARN_UNINITIALIZED_AUTOS = YES_AGGRESSIVE;
				GCC_WARN_UNUSED_FUNCTION = YES;
				GCC_WARN_UNUSED_VARIABLE = YES;
				IPHONEOS_DEPLOYMENT_TARGET = 12.2;
				MTL_ENABLE_DEBUG_INFO = NO;
				MTL_FAST_MATH = YES;
				SDKROOT = iphoneos;
				SWIFT_COMPILATION_MODE = wholemodule;
				SWIFT_OPTIMIZATION_LEVEL = "-O";
				VALIDATE_PRODUCT = YES;
			};
			name = Release;
		};
		18EED5C122BC11C500AE2E00 /* Debug */ = {
			isa = XCBuildConfiguration;
			buildSettings = {
				ASSETCATALOG_COMPILER_APPICON_NAME = AppIcon;
				CODE_SIGN_STYLE = Automatic;
				INFOPLIST_FILE = emojinalProject/Info.plist;
				LD_RUNPATH_SEARCH_PATHS = (
					"$(inherited)",
					"@executable_path/Frameworks",
				);
				PRODUCT_BUNDLE_IDENTIFIER = "Lauren-Ty.emojinalProject";
				PRODUCT_NAME = "$(TARGET_NAME)";
				SWIFT_VERSION = 5.0;
				TARGETED_DEVICE_FAMILY = "1,2";
			};
			name = Debug;
		};
		18EED5C222BC11C500AE2E00 /* Release */ = {
			isa = XCBuildConfiguration;
			buildSettings = {
				ASSETCATALOG_COMPILER_APPICON_NAME = AppIcon;
				CODE_SIGN_STYLE = Automatic;
				INFOPLIST_FILE = emojinalProject/Info.plist;
				LD_RUNPATH_SEARCH_PATHS = (
					"$(inherited)",
					"@executable_path/Frameworks",
				);
				PRODUCT_BUNDLE_IDENTIFIER = "Lauren-Ty.emojinalProject";
				PRODUCT_NAME = "$(TARGET_NAME)";
				SWIFT_VERSION = 5.0;
				TARGETED_DEVICE_FAMILY = "1,2";
			};
			name = Release;
		};
		18EED5C422BC11C500AE2E00 /* Debug */ = {
			isa = XCBuildConfiguration;
			buildSettings = {
				ALWAYS_EMBED_SWIFT_STANDARD_LIBRARIES = YES;
				BUNDLE_LOADER = "$(TEST_HOST)";
				CODE_SIGN_STYLE = Automatic;
				INFOPLIST_FILE = emojinalProjectTests/Info.plist;
				LD_RUNPATH_SEARCH_PATHS = (
					"$(inherited)",
					"@executable_path/Frameworks",
					"@loader_path/Frameworks",
				);
				PRODUCT_BUNDLE_IDENTIFIER = "Lauren-Ty.emojinalProjectTests";
				PRODUCT_NAME = "$(TARGET_NAME)";
				SWIFT_VERSION = 5.0;
				TARGETED_DEVICE_FAMILY = "1,2";
				TEST_HOST = "$(BUILT_PRODUCTS_DIR)/emojinalProject.app/emojinalProject";
			};
			name = Debug;
		};
		18EED5C522BC11C500AE2E00 /* Release */ = {
			isa = XCBuildConfiguration;
			buildSettings = {
				ALWAYS_EMBED_SWIFT_STANDARD_LIBRARIES = YES;
				BUNDLE_LOADER = "$(TEST_HOST)";
				CODE_SIGN_STYLE = Automatic;
				INFOPLIST_FILE = emojinalProjectTests/Info.plist;
				LD_RUNPATH_SEARCH_PATHS = (
					"$(inherited)",
					"@executable_path/Frameworks",
					"@loader_path/Frameworks",
				);
				PRODUCT_BUNDLE_IDENTIFIER = "Lauren-Ty.emojinalProjectTests";
				PRODUCT_NAME = "$(TARGET_NAME)";
				SWIFT_VERSION = 5.0;
				TARGETED_DEVICE_FAMILY = "1,2";
				TEST_HOST = "$(BUILT_PRODUCTS_DIR)/emojinalProject.app/emojinalProject";
			};
			name = Release;
		};
		18EED5C722BC11C500AE2E00 /* Debug */ = {
			isa = XCBuildConfiguration;
			buildSettings = {
				ALWAYS_EMBED_SWIFT_STANDARD_LIBRARIES = YES;
				CODE_SIGN_STYLE = Automatic;
				INFOPLIST_FILE = emojinalProjectUITests/Info.plist;
				LD_RUNPATH_SEARCH_PATHS = (
					"$(inherited)",
					"@executable_path/Frameworks",
					"@loader_path/Frameworks",
				);
				PRODUCT_BUNDLE_IDENTIFIER = "Lauren-Ty.emojinalProjectUITests";
				PRODUCT_NAME = "$(TARGET_NAME)";
				SWIFT_VERSION = 5.0;
				TARGETED_DEVICE_FAMILY = "1,2";
				TEST_TARGET_NAME = emojinalProject;
			};
			name = Debug;
		};
		18EED5C822BC11C500AE2E00 /* Release */ = {
			isa = XCBuildConfiguration;
			buildSettings = {
				ALWAYS_EMBED_SWIFT_STANDARD_LIBRARIES = YES;
				CODE_SIGN_STYLE = Automatic;
				INFOPLIST_FILE = emojinalProjectUITests/Info.plist;
				LD_RUNPATH_SEARCH_PATHS = (
					"$(inherited)",
					"@executable_path/Frameworks",
					"@loader_path/Frameworks",
				);
				PRODUCT_BUNDLE_IDENTIFIER = "Lauren-Ty.emojinalProjectUITests";
				PRODUCT_NAME = "$(TARGET_NAME)";
				SWIFT_VERSION = 5.0;
				TARGETED_DEVICE_FAMILY = "1,2";
				TEST_TARGET_NAME = emojinalProject;
			};
			name = Release;
		};
/* End XCBuildConfiguration section */

/* Begin XCConfigurationList section */
		18EED59322BC11C300AE2E00 /* Build configuration list for PBXProject "emojinalProject" */ = {
			isa = XCConfigurationList;
			buildConfigurations = (
				18EED5BE22BC11C500AE2E00 /* Debug */,
				18EED5BF22BC11C500AE2E00 /* Release */,
			);
			defaultConfigurationIsVisible = 0;
			defaultConfigurationName = Release;
		};
		18EED5C022BC11C500AE2E00 /* Build configuration list for PBXNativeTarget "emojinalProject" */ = {
			isa = XCConfigurationList;
			buildConfigurations = (
				18EED5C122BC11C500AE2E00 /* Debug */,
				18EED5C222BC11C500AE2E00 /* Release */,
			);
			defaultConfigurationIsVisible = 0;
			defaultConfigurationName = Release;
		};
		18EED5C322BC11C500AE2E00 /* Build configuration list for PBXNativeTarget "emojinalProjectTests" */ = {
			isa = XCConfigurationList;
			buildConfigurations = (
				18EED5C422BC11C500AE2E00 /* Debug */,
				18EED5C522BC11C500AE2E00 /* Release */,
			);
			defaultConfigurationIsVisible = 0;
			defaultConfigurationName = Release;
		};
		18EED5C622BC11C500AE2E00 /* Build configuration list for PBXNativeTarget "emojinalProjectUITests" */ = {
			isa = XCConfigurationList;
			buildConfigurations = (
				18EED5C722BC11C500AE2E00 /* Debug */,
				18EED5C822BC11C500AE2E00 /* Release */,
			);
			defaultConfigurationIsVisible = 0;
			defaultConfigurationName = Release;
		};
/* End XCConfigurationList section */
	};
	rootObject = 18EED59022BC11C300AE2E00 /* Project object */;
}
